
Microsoft Visual Studio Solution File, Format Version 12.00
# Visual Studio Version 17
VisualStudioVersion = 17.1.32414.318
MinimumVisualStudioVersion = 10.0.40219.1
Project("{9A19103F-16F7-4668-BE54-9A1E7A4F7556}") = "Kalantyr.Auth", "Kalantyr.Auth\Kalantyr.Auth.csproj", "{7FB188A7-FA45-4B11-A03D-525851ECE843}"
EndProject
Project("{9A19103F-16F7-4668-BE54-9A1E7A4F7556}") = "Kalantyr.Auth.Tests", "Kalantyr.Auth.Tests\Kalantyr.Auth.Tests.csproj", "{FD609077-89DB-40B2-A781-03BCF2673BE0}"
EndProject
Project("{9A19103F-16F7-4668-BE54-9A1E7A4F7556}") = "Kalantyr.Auth.Client", "Kalantyr.Auth.Client\Kalantyr.Auth.Client.csproj", "{3E065AD1-DD87-4024-A7B1-041475F7B0DA}"
EndProject
Project("{2150E333-8FDC-42A3-9474-1A3956D46DE8}") = "Lib", "Lib", "{1317D44F-2DB2-4A5F-9AC9-2A61BAF71088}"
EndProject
Project("{2150E333-8FDC-42A3-9474-1A3956D46DE8}") = "Tests", "Tests", "{4EBF106B-DA72-4779-BC2A-9D06AAD47359}"
EndProject
Project("{9A19103F-16F7-4668-BE54-9A1E7A4F7556}") = "Kalantyr.Auth.Models", "Kalantyr.Auth.Models\Kalantyr.Auth.Models.csproj", "{D4BF43F8-B1B0-4EB5-AF79-BA7A30A9BA25}"
EndProject
Project("{9A19103F-16F7-4668-BE54-9A1E7A4F7556}") = "Kalantyr.Auth.InternalModels", "Kalantyr.Auth.InternalModels\Kalantyr.Auth.InternalModels.csproj", "{DDAE69A1-E00F-4641-BE1B-93B9EA2A93E9}"
EndProject
Project("{9A19103F-16F7-4668-BE54-9A1E7A4F7556}") = "Kalantyr.Auth.DbRepositories", "Kalantyr.Auth.DbRepositories\Kalantyr.Auth.DbRepositories.csproj", "{884BD9CB-9ABD-4755-BE82-304B32C96720}"
EndProject
Project("{2150E333-8FDC-42A3-9474-1A3956D46DE8}") = "Tools", "Tools", "{00325B99-0B71-47EE-AF09-ADA5801248B8}"
EndProject
Project("{9A19103F-16F7-4668-BE54-9A1E7A4F7556}") = "Kalantyr.Auth.AdminTool", "Tools\Kalantyr.Auth.AdminTool\Kalantyr.Auth.AdminTool.csproj", "{F739F7BA-949A-4B19-B785-7D1799676517}"
EndProject
Project("{9A19103F-16F7-4668-BE54-9A1E7A4F7556}") = "Kalantyr.Web", "..\Kalantyr.Libs\Kalantyr.Web\Kalantyr.Web.csproj", "{D4C4C80F-2E06-433C-91BD-116E815762C1}"
EndProject
Global
	GlobalSection(SolutionConfigurationPlatforms) = preSolution
		Debug|Any CPU = Debug|Any CPU
		Release|Any CPU = Release|Any CPU
	EndGlobalSection
	GlobalSection(ProjectConfigurationPlatforms) = postSolution
		{7FB188A7-FA45-4B11-A03D-525851ECE843}.Debug|Any CPU.ActiveCfg = Debug|Any CPU
		{7FB188A7-FA45-4B11-A03D-525851ECE843}.Debug|Any CPU.Build.0 = Debug|Any CPU
		{7FB188A7-FA45-4B11-A03D-525851ECE843}.Release|Any CPU.ActiveCfg = Release|Any CPU
		{7FB188A7-FA45-4B11-A03D-525851ECE843}.Release|Any CPU.Build.0 = Release|Any CPU
		{FD609077-89DB-40B2-A781-03BCF2673BE0}.Debug|Any CPU.ActiveCfg = Debug|Any CPU
		{FD609077-89DB-40B2-A781-03BCF2673BE0}.Debug|Any CPU.Build.0 = Debug|Any CPU
		{FD609077-89DB-40B2-A781-03BCF2673BE0}.Release|Any CPU.ActiveCfg = Release|Any CPU
		{FD609077-89DB-40B2-A781-03BCF2673BE0}.Release|Any CPU.Build.0 = Release|Any CPU
		{3E065AD1-DD87-4024-A7B1-041475F7B0DA}.Debug|Any CPU.ActiveCfg = Debug|Any CPU
		{3E065AD1-DD87-4024-A7B1-041475F7B0DA}.Debug|Any CPU.Build.0 = Debug|Any CPU
		{3E065AD1-DD87-4024-A7B1-041475F7B0DA}.Release|Any CPU.ActiveCfg = Release|Any CPU
		{3E065AD1-DD87-4024-A7B1-041475F7B0DA}.Release|Any CPU.Build.0 = Release|Any CPU
		{D4BF43F8-B1B0-4EB5-AF79-BA7A30A9BA25}.Debug|Any CPU.ActiveCfg = Debug|Any CPU
		{D4BF43F8-B1B0-4EB5-AF79-BA7A30A9BA25}.Debug|Any CPU.Build.0 = Debug|Any CPU
		{D4BF43F8-B1B0-4EB5-AF79-BA7A30A9BA25}.Release|Any CPU.ActiveCfg = Release|Any CPU
		{D4BF43F8-B1B0-4EB5-AF79-BA7A30A9BA25}.Release|Any CPU.Build.0 = Release|Any CPU
		{DDAE69A1-E00F-4641-BE1B-93B9EA2A93E9}.Debug|Any CPU.ActiveCfg = Debug|Any CPU
		{DDAE69A1-E00F-4641-BE1B-93B9EA2A93E9}.Debug|Any CPU.Build.0 = Debug|Any CPU
		{DDAE69A1-E00F-4641-BE1B-93B9EA2A93E9}.Release|Any CPU.ActiveCfg = Release|Any CPU
		{DDAE69A1-E00F-4641-BE1B-93B9EA2A93E9}.Release|Any CPU.Build.0 = Release|Any CPU
		{884BD9CB-9ABD-4755-BE82-304B32C96720}.Debug|Any CPU.ActiveCfg = Debug|Any CPU
		{884BD9CB-9ABD-4755-BE82-304B32C96720}.Debug|Any CPU.Build.0 = Debug|Any CPU
		{884BD9CB-9ABD-4755-BE82-304B32C96720}.Release|Any CPU.ActiveCfg = Release|Any CPU
		{884BD9CB-9ABD-4755-BE82-304B32C96720}.Release|Any CPU.Build.0 = Release|Any CPU
		{F739F7BA-949A-4B19-B785-7D1799676517}.Debug|Any CPU.ActiveCfg = Debug|Any CPU
		{F739F7BA-949A-4B19-B785-7D1799676517}.Debug|Any CPU.Build.0 = Debug|Any CPU
		{F739F7BA-949A-4B19-B785-7D1799676517}.Release|Any CPU.ActiveCfg = Release|Any CPU
		{F739F7BA-949A-4B19-B785-7D1799676517}.Release|Any CPU.Build.0 = Release|Any CPU
		{D4C4C80F-2E06-433C-91BD-116E815762C1}.Debug|Any CPU.ActiveCfg = Debug|Any CPU
		{D4C4C80F-2E06-433C-91BD-116E815762C1}.Debug|Any CPU.Build.0 = Debug|Any CPU
		{D4C4C80F-2E06-433C-91BD-116E815762C1}.Release|Any CPU.ActiveCfg = Release|Any CPU
		{D4C4C80F-2E06-433C-91BD-116E815762C1}.Release|Any CPU.Build.0 = Release|Any CPU
	EndGlobalSection
	GlobalSection(SolutionProperties) = preSolution
		HideSolutionNode = FALSE
	EndGlobalSection
	GlobalSection(NestedProjects) = preSolution
		{FD609077-89DB-40B2-A781-03BCF2673BE0} = {4EBF106B-DA72-4779-BC2A-9D06AAD47359}
		{F739F7BA-949A-4B19-B785-7D1799676517} = {00325B99-0B71-47EE-AF09-ADA5801248B8}
		{D4C4C80F-2E06-433C-91BD-116E815762C1} = {1317D44F-2DB2-4A5F-9AC9-2A61BAF71088}
	EndGlobalSection
	GlobalSection(ExtensibilityGlobals) = postSolution
		SolutionGuid = {F6D6B1D7-686A-449E-89B7-68E83DCD041F}
	EndGlobalSection
EndGlobal
